# @generated by cust — DO NOT EDIT by hand.
# This file records the resolved workspace member graph.
# v0.3: path deps only; no version pins or source hashes.

lock_format_version = 1

[[member]]
name = "hello"
version = "0.1.0"
path = "hello"
dependencies = []

[[member]]
name = "std"
version = "0.1.0"
path = "std"
dependencies = []
